// !$*UTF8*$!
{
	archiveVersion = 1;
	classes = {
	};
	objectVersion = 50;
	objects = {

/* Begin PBXBuildFile section */
		CE12552226E7CAAC00FEE90D /* AppDelegate.swift in Sources */ = {isa = PBXBuildFile; fileRef = CE12552126E7CAAC00FEE90D /* AppDelegate.swift */; };
		CE12552426E7CAAC00FEE90D /* SceneDelegate.swift in Sources */ = {isa = PBXBuildFile; fileRef = CE12552326E7CAAC00FEE90D /* SceneDelegate.swift */; };
		CE12552626E7CAAC00FEE90D /* ViewController.swift in Sources */ = {isa = PBXBuildFile; fileRef = CE12552526E7CAAC00FEE90D /* ViewController.swift */; };
		CE12552926E7CAAC00FEE90D /* Main.storyboard in Resources */ = {isa = PBXBuildFile; fileRef = CE12552726E7CAAC00FEE90D /* Main.storyboard */; };
		CE12552B26E7CAAF00FEE90D /* Assets.xcassets in Resources */ = {isa = PBXBuildFile; fileRef = CE12552A26E7CAAF00FEE90D /* Assets.xcassets */; };
		CE12552E26E7CAAF00FEE90D /* LaunchScreen.storyboard in Resources */ = {isa = PBXBuildFile; fileRef = CE12552C26E7CAAF00FEE90D /* LaunchScreen.storyboard */; };
		CE12553726E7CCE100FEE90D /* EmodjiTableViewController.swift in Sources */ = {isa = PBXBuildFile; fileRef = CE12553626E7CCE100FEE90D /* EmodjiTableViewController.swift */; };
		CE12553A26E8BFFD00FEE90D /* EmojiTableViewCell.swift in Sources */ = {isa = PBXBuildFile; fileRef = CE12553926E8BFFD00FEE90D /* EmojiTableViewCell.swift */; };
		CE12553D26E8E4FA00FEE90D /* EmojiModel.swift in Sources */ = {isa = PBXBuildFile; fileRef = CE12553C26E8E4FA00FEE90D /* EmojiModel.swift */; };
		CE12554126EA301B00FEE90D /* NewEmojiTableViewController.swift in Sources */ = {isa = PBXBuildFile; fileRef = CE12554026EA301B00FEE90D /* NewEmojiTableViewController.swift */; };
/* End PBXBuildFile section */

/* Begin PBXFileReference section */
		CE12551E26E7CAAC00FEE90D /* EmojiReader.app */ = {isa = PBXFileReference; explicitFileType = wrapper.application; includeInIndex = 0; path = EmojiReader.app; sourceTree = BUILT_PRODUCTS_DIR; };
		CE12552126E7CAAC00FEE90D /* AppDelegate.swift */ = {isa = PBXFileReference; lastKnownFileType = sourcecode.swift; path = AppDelegate.swift; sourceTree = "<group>"; };
		CE12552326E7CAAC00FEE90D /* SceneDelegate.swift */ = {isa = PBXFileReference; lastKnownFileType = sourcecode.swift; path = SceneDelegate.swift; sourceTree = "<group>"; };
		CE12552526E7CAAC00FEE90D /* ViewController.swift */ = {isa = PBXFileReference; lastKnownFileType = sourcecode.swift; path = ViewController.swift; sourceTree = "<group>"; };
		CE12552826E7CAAC00FEE90D /* Base */ = {isa = PBXFileReference; lastKnownFileType = file.storyboard; name = Base; path = Base.lproj/Main.storyboard; sourceTree = "<group>"; };
		CE12552A26E7CAAF00FEE90D /* Assets.xcassets */ = {isa = PBXFileReference; lastKnownFileType = folder.assetcatalog; path = Assets.xcassets; sourceTree = "<group>"; };
		CE12552D26E7CAAF00FEE90D /* Base */ = {isa = PBXFileReference; lastKnownFileType = file.storyboard; name = Base; path = Base.lproj/LaunchScreen.storyboard; sourceTree = "<group>"; };
		CE12552F26E7CAB000FEE90D /* Info.plist */ = {isa = PBXFileReference; lastKnownFileType = text.plist.xml; path = Info.plist; sourceTree = "<group>"; };
		CE12553626E7CCE100FEE90D /* EmodjiTableViewController.swift */ = {isa = PBXFileReference; lastKnownFileType = sourcecode.swift; path = EmodjiTableViewController.swift; sourceTree = "<group>"; };
		CE12553926E8BFFD00FEE90D /* EmojiTableViewCell.swift */ = {isa = PBXFileReference; lastKnownFileType = sourcecode.swift; path = EmojiTableViewCell.swift; sourceTree = "<group>"; };
		CE12553C26E8E4FA00FEE90D /* EmojiModel.swift */ = {isa = PBXFileReference; lastKnownFileType = sourcecode.swift; path = EmojiModel.swift; sourceTree = "<group>"; };
		CE12554026EA301B00FEE90D /* NewEmojiTableViewController.swift */ = {isa = PBXFileReference; lastKnownFileType = sourcecode.swift; path = NewEmojiTableViewController.swift; sourceTree = "<group>"; };
/* End PBXFileReference section */

/* Begin PBXFrameworksBuildPhase section */
		CE12551B26E7CAAC00FEE90D /* Frameworks */ = {
			isa = PBXFrameworksBuildPhase;
			buildActionMask = 2147483647;
			files = (
			);
			runOnlyForDeploymentPostprocessing = 0;
		};
/* End PBXFrameworksBuildPhase section */

/* Begin PBXGroup section */
		CE12551526E7CAAC00FEE90D = {
			isa = PBXGroup;
			children = (
				CE12552026E7CAAC00FEE90D /* EmojiReader */,
				CE12551F26E7CAAC00FEE90D /* Products */,
			);
			sourceTree = "<group>";
		};
		CE12551F26E7CAAC00FEE90D /* Products */ = {
			isa = PBXGroup;
			children = (
				CE12551E26E7CAAC00FEE90D /* EmojiReader.app */,
			);
			name = Products;
			sourceTree = "<group>";
		};
		CE12552026E7CAAC00FEE90D /* EmojiReader */ = {
			isa = PBXGroup;
			children = (
				CE12552126E7CAAC00FEE90D /* AppDelegate.swift */,
				CE12552326E7CAAC00FEE90D /* SceneDelegate.swift */,
				CE12552526E7CAAC00FEE90D /* ViewController.swift */,
				CE12553C26E8E4FA00FEE90D /* EmojiModel.swift */,
				CE12553626E7CCE100FEE90D /* EmodjiTableViewController.swift */,
				CE12554026EA301B00FEE90D /* NewEmojiTableViewController.swift */,
				CE12553926E8BFFD00FEE90D /* EmojiTableViewCell.swift */,
				CE12552726E7CAAC00FEE90D /* Main.storyboard */,
				CE12552A26E7CAAF00FEE90D /* Assets.xcassets */,
				CE12552C26E7CAAF00FEE90D /* LaunchScreen.storyboard */,
				CE12552F26E7CAB000FEE90D /* Info.plist */,
			);
			path = EmojiReader;
			sourceTree = "<group>";
		};
/* End PBXGroup section */

/* Begin PBXNativeTarget section */
		CE12551D26E7CAAC00FEE90D /* EmojiReader */ = {
			isa = PBXNativeTarget;
			buildConfigurationList = CE12553226E7CAB000FEE90D /* Build configuration list for PBXNativeTarget "EmojiReader" */;
			buildPhases = (
				CE12551A26E7CAAC00FEE90D /* Sources */,
				CE12551B26E7CAAC00FEE90D /* Frameworks */,
				CE12551C26E7CAAC00FEE90D /* Resources */,
			);
			buildRules = (
			);
			dependencies = (
			);
			name = EmojiReader;
			productName = EmojiReader;
			productReference = CE12551E26E7CAAC00FEE90D /* EmojiReader.app */;
			productType = "com.apple.product-type.application";
		};
/* End PBXNativeTarget section */

/* Begin PBXProject section */
		CE12551626E7CAAC00FEE90D /* Project object */ = {
			isa = PBXProject;
			attributes = {
				LastSwiftUpdateCheck = 1240;
				LastUpgradeCheck = 1240;
				TargetAttributes = {
					CE12551D26E7CAAC00FEE90D = {
						CreatedOnToolsVersion = 12.4;
					};
				};
			};
			buildConfigurationList = CE12551926E7CAAC00FEE90D /* Build configuration list for PBXProject "EmojiReader" */;
			compatibilityVersion = "Xcode 9.3";
			developmentRegion = en;
			hasScannedForEncodings = 0;
			knownRegions = (
				en,
				Base,
			);
			mainGroup = CE12551526E7CAAC00FEE90D;
			productRefGroup = CE12551F26E7CAAC00FEE90D /* Products */;
			projectDirPath = "";
			projectRoot = "";
			targets = (
				CE12551D26E7CAAC00FEE90D /* EmojiReader */,
			);
		};
/* End PBXProject section */

/* Begin PBXResourcesBuildPhase section */
		CE12551C26E7CAAC00FEE90D /* Resources */ = {
			isa = PBXResourcesBuildPhase;
			buildActionMask = 2147483647;
			files = (
				CE12552E26E7CAAF00FEE90D /* LaunchScreen.storyboard in Resources */,
				CE12552B26E7CAAF00FEE90D /* Assets.xcassets in Resources */,
				CE12552926E7CAAC00FEE90D /* Main.storyboard in Resources */,
			);
			runOnlyForDeploymentPostprocessing = 0;
		};
/* End PBXResourcesBuildPhase section */

/* Begin PBXSourcesBuildPhase section */
		CE12551A26E7CAAC00FEE90D /* Sources */ = {
			isa = PBXSourcesBuildPhase;
			buildActionMask = 2147483647;
			files = (
				CE12552626E7CAAC00FEE90D /* ViewController.swift in Sources */,
				CE12553726E7CCE100FEE90D /* EmodjiTableViewController.swift in Sources */,
				CE12553D26E8E4FA00FEE90D /* EmojiModel.swift in Sources */,
				CE12553A26E8BFFD00FEE90D /* EmojiTableViewCell.swift in Sources */,
				CE12554126EA301B00FEE90D /* NewEmojiTableViewController.swift in Sources */,
				CE12552226E7CAAC00FEE90D /* AppDelegate.swift in Sources */,
				CE12552426E7CAAC00FEE90D /* SceneDelegate.swift in Sources */,
			);
			runOnlyForDeploymentPostprocessing = 0;
		};
/* End PBXSourcesBuildPhase section */

/* Begin PBXVariantGroup section */
		CE12552726E7CAAC00FEE90D /* Main.storyboard */ = {
			isa = PBXVariantGroup;
			children = (
				CE12552826E7CAAC00FEE90D /* Base */,
			);
			name = Main.storyboard;
			sourceTree = "<group>";
		};
		CE12552C26E7CAAF00FEE90D /* LaunchScreen.storyboard */ = {
			isa = PBXVariantGroup;
			children = (
				CE12552D26E7CAAF00FEE90D /* Base */,
			);
			name = LaunchScreen.storyboard;
			sourceTree = "<group>";
		};
/* End PBXVariantGroup section */

/* Begin XCBuildConfiguration section */
		CE12553026E7CAB000FEE90D /* Debug */ = {
			isa = XCBuildConfiguration;
			buildSettings = {
				ALWAYS_SEARCH_USER_PATHS = NO;
				CLANG_ANALYZER_NONNULL = YES;
				CLANG_ANALYZER_NUMBER_OBJECT_CONVERSION = YES_AGGRESSIVE;
				CLANG_CXX_LANGUAGE_STANDARD = "gnu++14";
				CLANG_CXX_LIBRARY = "libc++";
				CLANG_ENABLE_MODULES = YES;
				CLANG_ENABLE_OBJC_ARC = YES;
				CLANG_ENABLE_OBJC_WEAK = YES;
				CLANG_WARN_BLOCK_CAPTURE_AUTORELEASING = YES;
				CLANG_WARN_BOOL_CONVERSION = YES;
				CLANG_WARN_COMMA = YES;
				CLANG_WARN_CONSTANT_CONVERSION = YES;
				CLANG_WARN_DEPRECATED_OBJC_IMPLEMENTATIONS = YES;
				CLANG_WARN_DIRECT_OBJC_ISA_USAGE = YES_ERROR;
				CLANG_WARN_DOCUMENTATION_COMMENTS = YES;
				CLANG_WARN_EMPTY_BODY = YES;
				CLANG_WARN_ENUM_CONVERSION = YES;
				CLANG_WARN_INFINITE_RECURSION = YES;
				CLANG_WARN_INT_CONVERSION = YES;
				CLANG_WARN_NON_LITERAL_NULL_CONVERSION = YES;
				CLANG_WARN_OBJC_IMPLICIT_RETAIN_SELF = YES;
				CLANG_WARN_OBJC_LITERAL_CONVERSION = YES;
				CLANG_WARN_OBJC_ROOT_CLASS = YES_ERROR;
				CLANG_WARN_QUOTED_INCLUDE_IN_FRAMEWORK_HEADER = YES;
				CLANG_WARN_RANGE_LOOP_ANALYSIS = YES;
				CLANG_WARN_STRICT_PROTOTYPES = YES;
				CLANG_WARN_SUSPICIOUS_MOVE = YES;
				CLANG_WARN_UNGUARDED_AVAILABILITY = YES_AGGRESSIVE;
				CLANG_WARN_UNREACHABLE_CODE = YES;
				CLANG_WARN__DUPLICATE_METHOD_MATCH = YES;
				COPY_PHASE_STRIP = NO;
				DEBUG_INFORMATION_FORMAT = dwarf;
				ENABLE_STRICT_OBJC_MSGSEND = YES;
				ENABLE_TESTABILITY = YES;
				GCC_C_LANGUAGE_STANDARD = gnu11;
				GCC_DYNAMIC_NO_PIC = NO;
				GCC_NO_COMMON_BLOCKS = YES;
				GCC_OPTIMIZATION_LEVEL = 0;
				GCC_PREPROCESSOR_DEFINITIONS = (
					"DEBUG=1",
					"$(inherited)",
				);
				GCC_WARN_64_TO_32_BIT_CONVERSION = YES;
				GCC_WARN_ABOUT_RETURN_TYPE = YES_ERROR;
				GCC_WARN_UNDECLARED_SELECTOR = YES;
				GCC_WARN_UNINITIALIZED_AUTOS = YES_AGGRESSIVE;
				GCC_WARN_UNUSED_FUNCTION = YES;
				GCC_WARN_UNUSED_VARIABLE = YES;
				IPHONEOS_DEPLOYMENT_TARGET = 14.4;
				MTL_ENABLE_DEBUG_INFO = INCLUDE_SOURCE;
				MTL_FAST_MATH = YES;
				ONLY_ACTIVE_ARCH = YES;
				SDKROOT = iphoneos;
				SWIFT_ACTIVE_COMPILATION_CONDITIONS = DEBUG;
				SWIFT_OPTIMIZATION_LEVEL = "-Onone";
			};
			name = Debug;
		};
		CE12553126E7CAB000FEE90D /* Release */ = {
			isa = XCBuildConfiguration;
			buildSettings = {
				ALWAYS_SEARCH_USER_PATHS = NO;
				CLANG_ANALYZER_NONNULL = YES;
				CLANG_ANALYZER_NUMBER_OBJECT_CONVERSION = YES_AGGRESSIVE;
				CLANG_CXX_LANGUAGE_STANDARD = "gnu++14";
				CLANG_CXX_LIBRARY = "libc++";
				CLANG_ENABLE_MODULES = YES;
				CLANG_ENABLE_OBJC_ARC = YES;
				CLANG_ENABLE_OBJC_WEAK = YES;
				CLANG_WARN_BLOCK_CAPTURE_AUTORELEASING = YES;
				CLANG_WARN_BOOL_CONVERSION = YES;
				CLANG_WARN_COMMA = YES;
				CLANG_WARN_CONSTANT_CONVERSION = YES;
				CLANG_WARN_DEPRECATED_OBJC_IMPLEMENTATIONS = YES;
				CLANG_WARN_DIRECT_OBJC_ISA_USAGE = YES_ERROR;
				CLANG_WARN_DOCUMENTATION_COMMENTS = YES;
				CLANG_WARN_EMPTY_BODY = YES;
				CLANG_WARN_ENUM_CONVERSION = YES;
				CLANG_WARN_INFINITE_RECURSION = YES;
				CLANG_WARN_INT_CONVERSION = YES;
				CLANG_WARN_NON_LITERAL_NULL_CONVERSION = YES;
				CLANG_WARN_OBJC_IMPLICIT_RETAIN_SELF = YES;
				CLANG_WARN_OBJC_LITERAL_CONVERSION = YES;
				CLANG_WARN_OBJC_ROOT_CLASS = YES_ERROR;
				CLANG_WARN_QUOTED_INCLUDE_IN_FRAMEWORK_HEADER = YES;
				CLANG_WARN_RANGE_LOOP_ANALYSIS = YES;
				CLANG_WARN_STRICT_PROTOTYPES = YES;
				CLANG_WARN_SUSPICIOUS_MOVE = YES;
				CLANG_WARN_UNGUARDED_AVAILABILITY = YES_AGGRESSIVE;
				CLANG_WARN_UNREACHABLE_CODE = YES;
				CLANG_WARN__DUPLICATE_METHOD_MATCH = YES;
				COPY_PHASE_STRIP = NO;
				DEBUG_INFORMATION_FORMAT = "dwarf-with-dsym";
				ENABLE_NS_ASSERTIONS = NO;
				ENABLE_STRICT_OBJC_MSGSEND = YES;
				GCC_C_LANGUAGE_STANDARD = gnu11;
				GCC_NO_COMMON_BLOCKS = YES;
				GCC_WARN_64_TO_32_BIT_CONVERSION = YES;
				GCC_WARN_ABOUT_RETURN_TYPE = YES_ERROR;
				GCC_WARN_UNDECLARED_SELECTOR = YES;
				GCC_WARN_UNINITIALIZED_AUTOS = YES_AGGRESSIVE;
				GCC_WARN_UNUSED_FUNCTION = YES;
				GCC_WARN_UNUSED_VARIABLE = YES;
				IPHONEOS_DEPLOYMENT_TARGET = 14.4;
				MTL_ENABLE_DEBUG_INFO = NO;
				MTL_FAST_MATH = YES;
				SDKROOT = iphoneos;
				SWIFT_COMPILATION_MODE = wholemodule;
				SWIFT_OPTIMIZATION_LEVEL = "-O";
				VALIDATE_PRODUCT = YES;
			};
			name = Release;
		};
		CE12553326E7CAB000FEE90D /* Debug */ = {
			isa = XCBuildConfiguration;
			buildSettings = {
				ASSETCATALOG_COMPILER_APPICON_NAME = AppIcon;
				ASSETCATALOG_COMPILER_GLOBAL_ACCENT_COLOR_NAME = AccentColor;
				CODE_SIGN_STYLE = Automatic;
				INFOPLIST_FILE = EmojiReader/Info.plist;
				LD_RUNPATH_SEARCH_PATHS = (
					"$(inherited)",
					"@executable_path/Frameworks",
				);
				PRODUCT_BUNDLE_IDENTIFIER = "ru-Tatiana-singleApp.EmojiReader";
				PRODUCT_NAME = "$(TARGET_NAME)";
				SWIFT_VERSION = 5.0;
				TARGETED_DEVICE_FAMILY = "1,2";
			};
			name = Debug;
		};
		CE12553426E7CAB000FEE90D /* Release */ = {
			isa = XCBuildConfiguration;
			buildSettings = {
				ASSETCATALOG_COMPILER_APPICON_NAME = AppIcon;
				ASSETCATALOG_COMPILER_GLOBAL_ACCENT_COLOR_NAME = AccentColor;
				CODE_SIGN_STYLE = Automatic;
				INFOPLIST_FILE = EmojiReader/Info.plist;
				LD_RUNPATH_SEARCH_PATHS = (
					"$(inherited)",
					"@executable_path/Frameworks",
				);
				PRODUCT_BUNDLE_IDENTIFIER = "ru-Tatiana-singleApp.EmojiReader";
				PRODUCT_NAME = "$(TARGET_NAME)";
				SWIFT_VERSION = 5.0;
				TARGETED_DEVICE_FAMILY = "1,2";
			};
			name = Release;
		};
/* End XCBuildConfiguration section */

/* Begin XCConfigurationList section */
		CE12551926E7CAAC00FEE90D /* Build configuration list for PBXProject "EmojiReader" */ = {
			isa = XCConfigurationList;
			buildConfigurations = (
				CE12553026E7CAB000FEE90D /* Debug */,
				CE12553126E7CAB000FEE90D /* Release */,
			);
			defaultConfigurationIsVisible = 0;
			defaultConfigurationName = Release;
		};
		CE12553226E7CAB000FEE90D /* Build configuration list for PBXNativeTarget "EmojiReader" */ = {
			isa = XCConfigurationList;
			buildConfigurations = (
				CE12553326E7CAB000FEE90D /* Debug */,
				CE12553426E7CAB000FEE90D /* Release */,
			);
			defaultConfigurationIsVisible = 0;
			defaultConfigurationName = Release;
		};
/* End XCConfigurationList section */
	};
	rootObject = CE12551626E7CAAC00FEE90D /* Project object */;
}
